
Microsoft Visual Studio Solution File, Format Version 12.00
# Visual Studio Version 17
VisualStudioVersion = 17.4.33205.214
MinimumVisualStudioVersion = 10.0.40219.1
Project("{FAE04EC0-301F-11D3-BF4B-00C04F79EFBC}") = "ListDemo", "ListDemo\ListDemo.csproj", "{05ACAFC0-920F-40F6-A27E-23DC4B954849}"
EndProject
Global
	GlobalSection(SolutionConfigurationPlatforms) = preSolution
		Debug|Any CPU = Debug|Any CPU
		Release|Any CPU = Release|Any CPU
	EndGlobalSection
	GlobalSection(ProjectConfigurationPlatforms) = postSolution
		{05ACAFC0-920F-40F6-A27E-23DC4B954849}.Debug|Any CPU.ActiveCfg = Debug|Any CPU
		{05ACAFC0-920F-40F6-A27E-23DC4B954849}.Debug|Any CPU.Build.0 = Debug|Any CPU
		{05ACAFC0-920F-40F6-A27E-23DC4B954849}.Release|Any CPU.ActiveCfg = Release|Any CPU
		{05ACAFC0-920F-40F6-A27E-23DC4B954849}.Release|Any CPU.Build.0 = Release|Any CPU
	EndGlobalSection
	GlobalSection(SolutionProperties) = preSolution
		HideSolutionNode = FALSE
	EndGlobalSection
	GlobalSection(ExtensibilityGlobals) = postSolution
		SolutionGuid = {BC40567C-CF98-47DC-BE65-AED4A2A15DA2}
	EndGlobalSection
EndGlobal
